
Microsoft Visual Studio Solution File, Format Version 12.00
# Visual Studio Version 17
VisualStudioVersion = 17.6.33829.357
MinimumVisualStudioVersion = 10.0.40219.1
Project("{FAE04EC0-301F-11D3-BF4B-00C04F79EFBC}") = "habit-tracker", "habit-tracker\habit-tracker.csproj", "{54DD3A4A-FA5C-470A-941C-706FF4E9CC0D}"
EndProject
Global
	GlobalSection(SolutionConfigurationPlatforms) = preSolution
		Debug|Any CPU = Debug|Any CPU
		Release|Any CPU = Release|Any CPU
	EndGlobalSection
	GlobalSection(ProjectConfigurationPlatforms) = postSolution
		{54DD3A4A-FA5C-470A-941C-706FF4E9CC0D}.Debug|Any CPU.ActiveCfg = Debug|Any CPU
		{54DD3A4A-FA5C-470A-941C-706FF4E9CC0D}.Debug|Any CPU.Build.0 = Debug|Any CPU
		{54DD3A4A-FA5C-470A-941C-706FF4E9CC0D}.Release|Any CPU.ActiveCfg = Release|Any CPU
		{54DD3A4A-FA5C-470A-941C-706FF4E9CC0D}.Release|Any CPU.Build.0 = Release|Any CPU
	EndGlobalSection
	GlobalSection(SolutionProperties) = preSolution
		HideSolutionNode = FALSE
	EndGlobalSection
	GlobalSection(ExtensibilityGlobals) = postSolution
		SolutionGuid = {ABC9D9D2-069E-4B38-871F-A204F7306869}
	EndGlobalSection
EndGlobal
